// !$*UTF8*$!
{
	archiveVersion = 1;
	classes = {
	};
	objectVersion = 46;
	objects = {

/* Begin PBXBuildFile section */
		FD2185901A758ED1000A98D2 /* main.cpp in Sources */ = {isa = PBXBuildFile; fileRef = FD21858F1A758ED1000A98D2 /* main.cpp */; };
		FD2185971A758F6D000A98D2 /* GLUT.framework in Frameworks */ = {isa = PBXBuildFile; fileRef = FD2185961A758F6D000A98D2 /* GLUT.framework */; };
		FD2185991A758F80000A98D2 /* OpenGL.framework in Frameworks */ = {isa = PBXBuildFile; fileRef = FD2185981A758F80000A98D2 /* OpenGL.framework */; };
		FD21859B1A758F9A000A98D2 /* AppKit.framework in Frameworks */ = {isa = PBXBuildFile; fileRef = FD21859A1A758F9A000A98D2 /* AppKit.framework */; };
		FD21859D1A758FA0000A98D2 /* Foundation.framework in Frameworks */ = {isa = PBXBuildFile; fileRef = FD21859C1A758FA0000A98D2 /* Foundation.framework */; };
/* End PBXBuildFile section */

/* Begin PBXCopyFilesBuildPhase section */
		FD21858A1A758ED1000A98D2 /* CopyFiles */ = {
			isa = PBXCopyFilesBuildPhase;
			buildActionMask = 2147483647;
			dstPath = /usr/share/man/man1/;
			dstSubfolderSpec = 0;
			files = (
			);
			runOnlyForDeploymentPostprocessing = 1;
		};
/* End PBXCopyFilesBuildPhase section */

/* Begin PBXFileReference section */
		FD0AE4FE1AC6FA66006E7635 /* texture.h */ = {isa = PBXFileReference; lastKnownFileType = sourcecode.c.h; path = texture.h; sourceTree = "<group>"; };
		FD0AE4FF1AC88F8B006E7635 /* util.h */ = {isa = PBXFileReference; lastKnownFileType = sourcecode.c.h; path = util.h; sourceTree = "<group>"; };
		FD21858C1A758ED1000A98D2 /* CSCI6554 */ = {isa = PBXFileReference; explicitFileType = "compiled.mach-o.executable"; includeInIndex = 0; path = CSCI6554; sourceTree = BUILT_PRODUCTS_DIR; };
		FD21858F1A758ED1000A98D2 /* main.cpp */ = {isa = PBXFileReference; lastKnownFileType = sourcecode.cpp.cpp; path = main.cpp; sourceTree = "<group>"; };
		FD2185961A758F6D000A98D2 /* GLUT.framework */ = {isa = PBXFileReference; lastKnownFileType = wrapper.framework; name = GLUT.framework; path = System/Library/Frameworks/GLUT.framework; sourceTree = SDKROOT; };
		FD2185981A758F80000A98D2 /* OpenGL.framework */ = {isa = PBXFileReference; lastKnownFileType = wrapper.framework; name = OpenGL.framework; path = System/Library/Frameworks/OpenGL.framework; sourceTree = SDKROOT; };
		FD21859A1A758F9A000A98D2 /* AppKit.framework */ = {isa = PBXFileReference; lastKnownFileType = wrapper.framework; name = AppKit.framework; path = System/Library/Frameworks/AppKit.framework; sourceTree = SDKROOT; };
		FD21859C1A758FA0000A98D2 /* Foundation.framework */ = {isa = PBXFileReference; lastKnownFileType = wrapper.framework; name = Foundation.framework; path = System/Library/Frameworks/Foundation.framework; sourceTree = SDKROOT; };
		FD21859E1A759030000A98D2 /* Matrix.h */ = {isa = PBXFileReference; lastKnownFileType = sourcecode.c.h; path = Matrix.h; sourceTree = "<group>"; };
		FD21859F1A75D148000A98D2 /* Vector.h */ = {isa = PBXFileReference; lastKnownFileType = sourcecode.c.h; path = Vector.h; sourceTree = "<group>"; };
		FD814D6E1A7DA0FC00AC61C0 /* Model.h */ = {isa = PBXFileReference; lastKnownFileType = sourcecode.c.h; path = Model.h; sourceTree = "<group>"; };
		FD814D711A7DA63A00AC61C0 /* house.d */ = {isa = PBXFileReference; fileEncoding = 4; lastKnownFileType = sourcecode.dtrace; name = house.d; path = Resources/house.d; sourceTree = SOURCE_ROOT; };
		FD814D731A7DAF9C00AC61C0 /* car.d */ = {isa = PBXFileReference; fileEncoding = 4; lastKnownFileType = sourcecode.dtrace; path = car.d; sourceTree = "<group>"; };
		FD814D751A804DFE00AC61C0 /* king.d */ = {isa = PBXFileReference; fileEncoding = 4; lastKnownFileType = sourcecode.dtrace; path = king.d; sourceTree = "<group>"; };
		FD9D4E3E1A9FBA290015802A /* ball.d */ = {isa = PBXFileReference; fileEncoding = 4; lastKnownFileType = sourcecode.dtrace; path = ball.d; sourceTree = "<group>"; };
/* End PBXFileReference section */

/* Begin PBXFrameworksBuildPhase section */
		FD2185891A758ED1000A98D2 /* Frameworks */ = {
			isa = PBXFrameworksBuildPhase;
			buildActionMask = 2147483647;
			files = (
				FD21859D1A758FA0000A98D2 /* Foundation.framework in Frameworks */,
				FD21859B1A758F9A000A98D2 /* AppKit.framework in Frameworks */,
				FD2185991A758F80000A98D2 /* OpenGL.framework in Frameworks */,
				FD2185971A758F6D000A98D2 /* GLUT.framework in Frameworks */,
			);
			runOnlyForDeploymentPostprocessing = 0;
		};
/* End PBXFrameworksBuildPhase section */

/* Begin PBXGroup section */
		FD2185831A758ED1000A98D2 = {
			isa = PBXGroup;
			children = (
				FD21859C1A758FA0000A98D2 /* Foundation.framework */,
				FD21859A1A758F9A000A98D2 /* AppKit.framework */,
				FD2185981A758F80000A98D2 /* OpenGL.framework */,
				FD2185961A758F6D000A98D2 /* GLUT.framework */,
				FD21858E1A758ED1000A98D2 /* CSCI6554 */,
				FD21858D1A758ED1000A98D2 /* Products */,
			);
			sourceTree = "<group>";
		};
		FD21858D1A758ED1000A98D2 /* Products */ = {
			isa = PBXGroup;
			children = (
				FD21858C1A758ED1000A98D2 /* CSCI6554 */,
			);
			name = Products;
			sourceTree = "<group>";
		};
		FD21858E1A758ED1000A98D2 /* CSCI6554 */ = {
			isa = PBXGroup;
			children = (
				FD21858F1A758ED1000A98D2 /* main.cpp */,
				FD0AE4FF1AC88F8B006E7635 /* util.h */,
				FD0AE4FE1AC6FA66006E7635 /* texture.h */,
				FD814D751A804DFE00AC61C0 /* king.d */,
				FD814D731A7DAF9C00AC61C0 /* car.d */,
				FD814D711A7DA63A00AC61C0 /* house.d */,
				FD9D4E3E1A9FBA290015802A /* ball.d */,
				FD814D6E1A7DA0FC00AC61C0 /* Model.h */,
				FD21859E1A759030000A98D2 /* Matrix.h */,
				FD21859F1A75D148000A98D2 /* Vector.h */,
			);
			path = CSCI6554;
			sourceTree = "<group>";
		};
/* End PBXGroup section */

/* Begin PBXNativeTarget section */
		FD21858B1A758ED1000A98D2 /* CSCI6554 */ = {
			isa = PBXNativeTarget;
			buildConfigurationList = FD2185931A758ED1000A98D2 /* Build configuration list for PBXNativeTarget "CSCI6554" */;
			buildPhases = (
				FD2185881A758ED1000A98D2 /* Sources */,
				FD2185891A758ED1000A98D2 /* Frameworks */,
				FD21858A1A758ED1000A98D2 /* CopyFiles */,
			);
			buildRules = (
			);
			dependencies = (
			);
			name = CSCI6554;
			productName = CSCI6554;
			productReference = FD21858C1A758ED1000A98D2 /* CSCI6554 */;
			productType = "com.apple.product-type.tool";
		};
/* End PBXNativeTarget section */

/* Begin PBXProject section */
		FD2185841A758ED1000A98D2 /* Project object */ = {
			isa = PBXProject;
			attributes = {
				LastUpgradeCheck = 0610;
				ORGANIZATIONNAME = dayuwater;
				TargetAttributes = {
					FD21858B1A758ED1000A98D2 = {
						CreatedOnToolsVersion = 6.1.1;
					};
				};
			};
			buildConfigurationList = FD2185871A758ED1000A98D2 /* Build configuration list for PBXProject "CSCI6554" */;
			compatibilityVersion = "Xcode 3.2";
			developmentRegion = English;
			hasScannedForEncodings = 0;
			knownRegions = (
				en,
			);
			mainGroup = FD2185831A758ED1000A98D2;
			productRefGroup = FD21858D1A758ED1000A98D2 /* Products */;
			projectDirPath = "";
			projectRoot = "";
			targets = (
				FD21858B1A758ED1000A98D2 /* CSCI6554 */,
			);
		};
/* End PBXProject section */

/* Begin PBXSourcesBuildPhase section */
		FD2185881A758ED1000A98D2 /* Sources */ = {
			isa = PBXSourcesBuildPhase;
			buildActionMask = 2147483647;
			files = (
				FD2185901A758ED1000A98D2 /* main.cpp in Sources */,
			);
			runOnlyForDeploymentPostprocessing = 0;
		};
/* End PBXSourcesBuildPhase section */

/* Begin XCBuildConfiguration section */
		FD2185911A758ED1000A98D2 /* Debug */ = {
			isa = XCBuildConfiguration;
			buildSettings = {
				ALWAYS_SEARCH_USER_PATHS = NO;
				CLANG_CXX_LANGUAGE_STANDARD = "gnu++0x";
				CLANG_CXX_LIBRARY = "libc++";
				CLANG_ENABLE_MODULES = YES;
				CLANG_ENABLE_OBJC_ARC = YES;
				CLANG_WARN_BOOL_CONVERSION = YES;
				CLANG_WARN_CONSTANT_CONVERSION = YES;
				CLANG_WARN_DIRECT_OBJC_ISA_USAGE = YES_ERROR;
				CLANG_WARN_EMPTY_BODY = YES;
				CLANG_WARN_ENUM_CONVERSION = YES;
				CLANG_WARN_INT_CONVERSION = YES;
				CLANG_WARN_OBJC_ROOT_CLASS = YES_ERROR;
				CLANG_WARN_UNREACHABLE_CODE = YES;
				CLANG_WARN__DUPLICATE_METHOD_MATCH = YES;
				COPY_PHASE_STRIP = NO;
				ENABLE_STRICT_OBJC_MSGSEND = YES;
				GCC_C_LANGUAGE_STANDARD = gnu99;
				GCC_DYNAMIC_NO_PIC = NO;
				GCC_OPTIMIZATION_LEVEL = 0;
				GCC_PREPROCESSOR_DEFINITIONS = (
					"DEBUG=1",
					"$(inherited)",
				);
				GCC_SYMBOLS_PRIVATE_EXTERN = NO;
				GCC_WARN_64_TO_32_BIT_CONVERSION = YES;
				GCC_WARN_ABOUT_RETURN_TYPE = YES_ERROR;
				GCC_WARN_UNDECLARED_SELECTOR = YES;
				GCC_WARN_UNINITIALIZED_AUTOS = YES_AGGRESSIVE;
				GCC_WARN_UNUSED_FUNCTION = YES;
				GCC_WARN_UNUSED_VARIABLE = YES;
				MACOSX_DEPLOYMENT_TARGET = 10.10;
				MTL_ENABLE_DEBUG_INFO = YES;
				ONLY_ACTIVE_ARCH = YES;
				SDKROOT = macosx;
			};
			name = Debug;
		};
		FD2185921A758ED1000A98D2 /* Release */ = {
			isa = XCBuildConfiguration;
			buildSettings = {
				ALWAYS_SEARCH_USER_PATHS = NO;
				CLANG_CXX_LANGUAGE_STANDARD = "gnu++0x";
				CLANG_CXX_LIBRARY = "libc++";
				CLANG_ENABLE_MODULES = YES;
				CLANG_ENABLE_OBJC_ARC = YES;
				CLANG_WARN_BOOL_CONVERSION = YES;
				CLANG_WARN_CONSTANT_CONVERSION = YES;
				CLANG_WARN_DIRECT_OBJC_ISA_USAGE = YES_ERROR;
				CLANG_WARN_EMPTY_BODY = YES;
				CLANG_WARN_ENUM_CONVERSION = YES;
				CLANG_WARN_INT_CONVERSION = YES;
				CLANG_WARN_OBJC_ROOT_CLASS = YES_ERROR;
				CLANG_WARN_UNREACHABLE_CODE = YES;
				CLANG_WARN__DUPLICATE_METHOD_MATCH = YES;
				COPY_PHASE_STRIP = YES;
				DEBUG_INFORMATION_FORMAT = "dwarf-with-dsym";
				ENABLE_NS_ASSERTIONS = NO;
				ENABLE_STRICT_OBJC_MSGSEND = YES;
				GCC_C_LANGUAGE_STANDARD = gnu99;
				GCC_WARN_64_TO_32_BIT_CONVERSION = YES;
				GCC_WARN_ABOUT_RETURN_TYPE = YES_ERROR;
				GCC_WARN_UNDECLARED_SELECTOR = YES;
				GCC_WARN_UNINITIALIZED_AUTOS = YES_AGGRESSIVE;
				GCC_WARN_UNUSED_FUNCTION = YES;
				GCC_WARN_UNUSED_VARIABLE = YES;
				MACOSX_DEPLOYMENT_TARGET = 10.10;
				MTL_ENABLE_DEBUG_INFO = NO;
				SDKROOT = macosx;
			};
			name = Release;
		};
		FD2185941A758ED1000A98D2 /* Debug */ = {
			isa = XCBuildConfiguration;
			buildSettings = {
				PRODUCT_NAME = "$(TARGET_NAME)";
			};
			name = Debug;
		};
		FD2185951A758ED1000A98D2 /* Release */ = {
			isa = XCBuildConfiguration;
			buildSettings = {
				PRODUCT_NAME = "$(TARGET_NAME)";
			};
			name = Release;
		};
/* End XCBuildConfiguration section */

/* Begin XCConfigurationList section */
		FD2185871A758ED1000A98D2 /* Build configuration list for PBXProject "CSCI6554" */ = {
			isa = XCConfigurationList;
			buildConfigurations = (
				FD2185911A758ED1000A98D2 /* Debug */,
				FD2185921A758ED1000A98D2 /* Release */,
			);
			defaultConfigurationIsVisible = 0;
			defaultConfigurationName = Release;
		};
		FD2185931A758ED1000A98D2 /* Build configuration list for PBXNativeTarget "CSCI6554" */ = {
			isa = XCConfigurationList;
			buildConfigurations = (
				FD2185941A758ED1000A98D2 /* Debug */,
				FD2185951A758ED1000A98D2 /* Release */,
			);
			defaultConfigurationIsVisible = 0;
			defaultConfigurationName = Release;
		};
/* End XCConfigurationList section */
	};
	rootObject = FD2185841A758ED1000A98D2 /* Project object */;
}
